{
  "name": "geom-normals",
  "version": "2.1.0",
  "lockfileVersion": 3,
  "requires": true,
  "packages": {
    "": {
      "name": "geom-normals",
      "version": "2.1.0",
      "license": "MIT",
      "dependencies": {
        "pex-math": "^4.1.0",
        "pex-random": "^2.0.0"
      },
      "devDependencies": {
        "es-module-shims": "^1.8.3",
        "pex-context": "^3.0.0-alpha.3",
        "pex-gui": "^3.0.0",
        "primitive-geometry": "^2.10.0",
        "primitive-plane": "^2.0.1"
      },
      "engines": {
        "node": ">=20.0.0",
        "npm": ">=9.6.4"
      }
    },
    "node_modules/es-module-shims": {
      "version": "1.8.3",
      "resolved": "https://registry.npmjs.org/es-module-shims/-/es-module-shims-1.8.3.tgz",
      "integrity": "sha512-NOE2WomYkoXeae8FcwPwZApxDwKerEWGOiqNo/P2JCBkJgKCLA5+PMZs8sr/1SPk9a8E+hUE9Wc+YZyGEiWHkw==",
      "dev": true
    },
    "node_modules/pex-color": {
      "version": "2.1.0",
      "resolved": "https://registry.npmjs.org/pex-color/-/pex-color-2.1.0.tgz",
      "integrity": "sha512-N/AyN1sHmXBI4Gss9+EIEBcJB4D0j3El5qrNDJANKsJYU1ZOfiCk38rQ9XSCOfZWboBDKqLd6arNvRrytKtgkw==",
      "dev": true,
      "engines": {
        "node": ">=20.0.0",
        "npm": ">=9.6.4"
      }
    },
    "node_modules/pex-context": {
      "version": "3.0.0-alpha.3",
      "resolved": "https://registry.npmjs.org/pex-context/-/pex-context-3.0.0-alpha.3.tgz",
      "integrity": "sha512-cS0wsoxsPOtGiiDfcR/tuNyMYSLBazHhdV+ocNxsO1/5TOlCswkdYwK13rYg51vUuSTSwQqvEghLIW/zxCcndg==",
      "dev": true,
      "dependencies": {
        "pex-gl": "^3.0.0-alpha.0"
      },
      "engines": {
        "node": ">=16.0.0",
        "npm": ">=7.0.0"
      }
    },
    "node_modules/pex-geom": {
      "version": "3.0.1",
      "resolved": "https://registry.npmjs.org/pex-geom/-/pex-geom-3.0.1.tgz",
      "integrity": "sha512-5wDQnn103lyuisUIuJgDt+ZonvCcIbcfAG5wDr+hJcohSphJlPvtLc1LkneSqt/XESIetKkDaVw3bW+talYPXw==",
      "dev": true,
      "dependencies": {
        "pex-math": "^4.0.0"
      },
      "engines": {
        "node": ">=20.0.0",
        "npm": ">=9.6.4"
      }
    },
    "node_modules/pex-gl": {
      "version": "3.0.0-alpha.0",
      "resolved": "https://registry.npmjs.org/pex-gl/-/pex-gl-3.0.0-alpha.0.tgz",
      "integrity": "sha512-F5xRhI2A3iVhcSmBIIsjEoAeLBa8tqTUzQy2cwZ9X5i1yKRXH8mfQd21JegAuY2aIgzHylquQmWXKzskR8reIA==",
      "dev": true,
      "engines": {
        "node": ">=16.0.0",
        "npm": ">=7.0.0"
      }
    },
    "node_modules/pex-gui": {
      "version": "3.0.0",
      "resolved": "https://registry.npmjs.org/pex-gui/-/pex-gui-3.0.0.tgz",
      "integrity": "sha512-YY4vDFk7FhyCoOHI6gf2R9lB4QaM3DMVsTOY0l8sqtDTr46t96Iwl4YKUyi2r3OMEi6hMXVBxkGzvGe+XeoP0w==",
      "dev": true,
      "dependencies": {
        "pex-color": "^2.1.0",
        "pex-geom": "^3.0.1",
        "pex-math": "^4.0.0"
      },
      "engines": {
        "node": ">=16.0.0",
        "npm": ">=7.0.0"
      }
    },
    "node_modules/pex-math": {
      "version": "4.1.0",
      "resolved": "https://registry.npmjs.org/pex-math/-/pex-math-4.1.0.tgz",
      "integrity": "sha512-rpb92xRnGan4qOh0cXk8kD4GXXvt6ntQykkegjSU186pJ6uGJ/UJJ3amt9SQenmiEQHU2SXKvZImyzo1RTX61w==",
      "engines": {
        "node": ">=20.0.0",
        "npm": ">=9.6.4"
      }
    },
    "node_modules/pex-random": {
      "version": "2.0.0",
      "resolved": "https://registry.npmjs.org/pex-random/-/pex-random-2.0.0.tgz",
      "integrity": "sha512-u6+Hoh5y1icqavEiTGo3taPkbAiSvWj5yqGeQbM++7uBSb5TPNyUzayHd85h8A0N4OtkGpdUA/feMKzG5pMY6Q==",
      "dependencies": {
        "seedrandom": "^3.0.5",
        "simplex-noise": "4.0.1"
      },
      "engines": {
        "node": ">=20.0.0",
        "npm": ">=9.6.4"
      }
    },
    "node_modules/primitive-geometry": {
      "version": "2.10.0",
      "resolved": "https://registry.npmjs.org/primitive-geometry/-/primitive-geometry-2.10.0.tgz",
      "integrity": "sha512-i+CQy51EDEU9zal/GRqOXfZeKo9MccM6SIOMM7+OkCCYqCFhetM7nLP3Ms7lDgtZjpIXp8iZI4TrXCqTfxADWA==",
      "dev": true,
      "funding": [
        {
          "type": "individual",
          "url": "https://paypal.me/dmnsgn"
        },
        {
          "type": "individual",
          "url": "https://commerce.coinbase.com/checkout/56cbdf28-e323-48d8-9c98-7019e72c97f3"
        }
      ],
      "engines": {
        "node": ">=15.0.0",
        "npm": ">=7.0.0"
      }
    },
    "node_modules/primitive-plane": {
      "version": "2.0.1",
      "resolved": "https://registry.npmjs.org/primitive-plane/-/primitive-plane-2.0.1.tgz",
      "integrity": "sha512-iFk5luQZcY02emAljs/ZY02Q8XmgdV67Gs3Xj7gd3mO4CICjJN6wtrRXCvdxDKbzaIuQdOE8cNIyvk6GZJoPmw==",
      "dev": true
    },
    "node_modules/seedrandom": {
      "version": "3.0.5",
      "resolved": "https://registry.npmjs.org/seedrandom/-/seedrandom-3.0.5.tgz",
      "integrity": "sha512-8OwmbklUNzwezjGInmZ+2clQmExQPvomqjL7LFqOYqtmuxRgQYqOD3mHaU+MvZn5FLUeVxVfQjwLZW/n/JFuqg=="
    },
    "node_modules/simplex-noise": {
      "version": "4.0.1",
      "resolved": "https://registry.npmjs.org/simplex-noise/-/simplex-noise-4.0.1.tgz",
      "integrity": "sha512-zl/+bdSqW7HJOQ0oDbxrNYaF4F5ik0i7M6YOYmEoIJNtg16NpvWaTTM1Y7oV/7T0jFljawLgYPS81Uu2rsfo1A=="
    }
  }
}
